
Microsoft Visual Studio Solution File, Format Version 12.00
# Visual Studio Version 17
VisualStudioVersion = 17.0.31903.59
MinimumVisualStudioVersion = 10.0.40219.1
Project("{FAE04EC0-301F-11D3-BF4B-00C04F79EFBC}") = "GameStore.API", "GameStore.API\GameStore.API.csproj", "{682D7A51-760D-4A42-9F5B-4DAC751F6C28}"
EndProject
Global
	GlobalSection(SolutionConfigurationPlatforms) = preSolution
		Debug|Any CPU = Debug|Any CPU
		Release|Any CPU = Release|Any CPU
	EndGlobalSection
	GlobalSection(SolutionProperties) = preSolution
		HideSolutionNode = FALSE
	EndGlobalSection
	GlobalSection(ProjectConfigurationPlatforms) = postSolution
		{682D7A51-760D-4A42-9F5B-4DAC751F6C28}.Debug|Any CPU.ActiveCfg = Debug|Any CPU
		{682D7A51-760D-4A42-9F5B-4DAC751F6C28}.Debug|Any CPU.Build.0 = Debug|Any CPU
		{682D7A51-760D-4A42-9F5B-4DAC751F6C28}.Release|Any CPU.ActiveCfg = Release|Any CPU
		{682D7A51-760D-4A42-9F5B-4DAC751F6C28}.Release|Any CPU.Build.0 = Release|Any CPU
	EndGlobalSection
EndGlobal
